// !$*UTF8*$!
{
	archiveVersion = 1;
	classes = {
	};
	objectVersion = 48;
	objects = {

/* Begin PBXBuildFile section */
		84BC0DEF208D5F7C00DB7E3E /* AppDelegate.swift in Sources */ = {isa = PBXBuildFile; fileRef = 84BC0DEE208D5F7C00DB7E3E /* AppDelegate.swift */; };
		84BC0DF1208D5F7C00DB7E3E /* ViewController.swift in Sources */ = {isa = PBXBuildFile; fileRef = 84BC0DF0208D5F7C00DB7E3E /* ViewController.swift */; };
		84BC0DF4208D5F7C00DB7E3E /* Main.storyboard in Resources */ = {isa = PBXBuildFile; fileRef = 84BC0DF2208D5F7C00DB7E3E /* Main.storyboard */; };
		84BC0DF6208D5F7C00DB7E3E /* Assets.xcassets in Resources */ = {isa = PBXBuildFile; fileRef = 84BC0DF5208D5F7C00DB7E3E /* Assets.xcassets */; };
		84BC0DF9208D5F7C00DB7E3E /* LaunchScreen.storyboard in Resources */ = {isa = PBXBuildFile; fileRef = 84BC0DF7208D5F7C00DB7E3E /* LaunchScreen.storyboard */; };
		84BC0E04208D5F7C00DB7E3E /* DemoCassiniSetImageTests.swift in Sources */ = {isa = PBXBuildFile; fileRef = 84BC0E03208D5F7C00DB7E3E /* DemoCassiniSetImageTests.swift */; };
/* End PBXBuildFile section */

/* Begin PBXContainerItemProxy section */
		84BC0E00208D5F7C00DB7E3E /* PBXContainerItemProxy */ = {
			isa = PBXContainerItemProxy;
			containerPortal = 84BC0DE3208D5F7C00DB7E3E /* Project object */;
			proxyType = 1;
			remoteGlobalIDString = 84BC0DEA208D5F7C00DB7E3E;
			remoteInfo = DemoCassiniSetImage;
		};
/* End PBXContainerItemProxy section */

/* Begin PBXFileReference section */
		84BC0DEB208D5F7C00DB7E3E /* DemoCassiniSetImage.app */ = {isa = PBXFileReference; explicitFileType = wrapper.application; includeInIndex = 0; path = DemoCassiniSetImage.app; sourceTree = BUILT_PRODUCTS_DIR; };
		84BC0DEE208D5F7C00DB7E3E /* AppDelegate.swift */ = {isa = PBXFileReference; lastKnownFileType = sourcecode.swift; path = AppDelegate.swift; sourceTree = "<group>"; };
		84BC0DF0208D5F7C00DB7E3E /* ViewController.swift */ = {isa = PBXFileReference; lastKnownFileType = sourcecode.swift; path = ViewController.swift; sourceTree = "<group>"; };
		84BC0DF3208D5F7C00DB7E3E /* Base */ = {isa = PBXFileReference; lastKnownFileType = file.storyboard; name = Base; path = Base.lproj/Main.storyboard; sourceTree = "<group>"; };
		84BC0DF5208D5F7C00DB7E3E /* Assets.xcassets */ = {isa = PBXFileReference; lastKnownFileType = folder.assetcatalog; path = Assets.xcassets; sourceTree = "<group>"; };
		84BC0DF8208D5F7C00DB7E3E /* Base */ = {isa = PBXFileReference; lastKnownFileType = file.storyboard; name = Base; path = Base.lproj/LaunchScreen.storyboard; sourceTree = "<group>"; };
		84BC0DFA208D5F7C00DB7E3E /* Info.plist */ = {isa = PBXFileReference; lastKnownFileType = text.plist.xml; path = Info.plist; sourceTree = "<group>"; };
		84BC0DFF208D5F7C00DB7E3E /* DemoCassiniSetImageTests.xctest */ = {isa = PBXFileReference; explicitFileType = wrapper.cfbundle; includeInIndex = 0; path = DemoCassiniSetImageTests.xctest; sourceTree = BUILT_PRODUCTS_DIR; };
		84BC0E03208D5F7C00DB7E3E /* DemoCassiniSetImageTests.swift */ = {isa = PBXFileReference; lastKnownFileType = sourcecode.swift; path = DemoCassiniSetImageTests.swift; sourceTree = "<group>"; };
		84BC0E05208D5F7C00DB7E3E /* Info.plist */ = {isa = PBXFileReference; lastKnownFileType = text.plist.xml; path = Info.plist; sourceTree = "<group>"; };
/* End PBXFileReference section */

/* Begin PBXFrameworksBuildPhase section */
		84BC0DE8208D5F7C00DB7E3E /* Frameworks */ = {
			isa = PBXFrameworksBuildPhase;
			buildActionMask = 2147483647;
			files = (
			);
			runOnlyForDeploymentPostprocessing = 0;
		};
		84BC0DFC208D5F7C00DB7E3E /* Frameworks */ = {
			isa = PBXFrameworksBuildPhase;
			buildActionMask = 2147483647;
			files = (
			);
			runOnlyForDeploymentPostprocessing = 0;
		};
/* End PBXFrameworksBuildPhase section */

/* Begin PBXGroup section */
		84BC0DE2208D5F7C00DB7E3E = {
			isa = PBXGroup;
			children = (
				84BC0DED208D5F7C00DB7E3E /* DemoCassiniSetImage */,
				84BC0E02208D5F7C00DB7E3E /* DemoCassiniSetImageTests */,
				84BC0DEC208D5F7C00DB7E3E /* Products */,
			);
			sourceTree = "<group>";
		};
		84BC0DEC208D5F7C00DB7E3E /* Products */ = {
			isa = PBXGroup;
			children = (
				84BC0DEB208D5F7C00DB7E3E /* DemoCassiniSetImage.app */,
				84BC0DFF208D5F7C00DB7E3E /* DemoCassiniSetImageTests.xctest */,
			);
			name = Products;
			sourceTree = "<group>";
		};
		84BC0DED208D5F7C00DB7E3E /* DemoCassiniSetImage */ = {
			isa = PBXGroup;
			children = (
				84BC0DEE208D5F7C00DB7E3E /* AppDelegate.swift */,
				84BC0DF0208D5F7C00DB7E3E /* ViewController.swift */,
				84BC0DF2208D5F7C00DB7E3E /* Main.storyboard */,
				84BC0DF5208D5F7C00DB7E3E /* Assets.xcassets */,
				84BC0DF7208D5F7C00DB7E3E /* LaunchScreen.storyboard */,
				84BC0DFA208D5F7C00DB7E3E /* Info.plist */,
			);
			path = DemoCassiniSetImage;
			sourceTree = "<group>";
		};
		84BC0E02208D5F7C00DB7E3E /* DemoCassiniSetImageTests */ = {
			isa = PBXGroup;
			children = (
				84BC0E03208D5F7C00DB7E3E /* DemoCassiniSetImageTests.swift */,
				84BC0E05208D5F7C00DB7E3E /* Info.plist */,
			);
			path = DemoCassiniSetImageTests;
			sourceTree = "<group>";
		};
/* End PBXGroup section */

/* Begin PBXNativeTarget section */
		84BC0DEA208D5F7C00DB7E3E /* DemoCassiniSetImage */ = {
			isa = PBXNativeTarget;
			buildConfigurationList = 84BC0E08208D5F7C00DB7E3E /* Build configuration list for PBXNativeTarget "DemoCassiniSetImage" */;
			buildPhases = (
				84BC0DE7208D5F7C00DB7E3E /* Sources */,
				84BC0DE8208D5F7C00DB7E3E /* Frameworks */,
				84BC0DE9208D5F7C00DB7E3E /* Resources */,
			);
			buildRules = (
			);
			dependencies = (
			);
			name = DemoCassiniSetImage;
			productName = DemoCassiniSetImage;
			productReference = 84BC0DEB208D5F7C00DB7E3E /* DemoCassiniSetImage.app */;
			productType = "com.apple.product-type.application";
		};
		84BC0DFE208D5F7C00DB7E3E /* DemoCassiniSetImageTests */ = {
			isa = PBXNativeTarget;
			buildConfigurationList = 84BC0E0B208D5F7C00DB7E3E /* Build configuration list for PBXNativeTarget "DemoCassiniSetImageTests" */;
			buildPhases = (
				84BC0DFB208D5F7C00DB7E3E /* Sources */,
				84BC0DFC208D5F7C00DB7E3E /* Frameworks */,
				84BC0DFD208D5F7C00DB7E3E /* Resources */,
			);
			buildRules = (
			);
			dependencies = (
				84BC0E01208D5F7C00DB7E3E /* PBXTargetDependency */,
			);
			name = DemoCassiniSetImageTests;
			productName = DemoCassiniSetImageTests;
			productReference = 84BC0DFF208D5F7C00DB7E3E /* DemoCassiniSetImageTests.xctest */;
			productType = "com.apple.product-type.bundle.unit-test";
		};
/* End PBXNativeTarget section */

/* Begin PBXProject section */
		84BC0DE3208D5F7C00DB7E3E /* Project object */ = {
			isa = PBXProject;
			attributes = {
				LastSwiftUpdateCheck = 0920;
				LastUpgradeCheck = 0920;
				ORGANIZATIONNAME = "Tran Ngoc Nam";
				TargetAttributes = {
					84BC0DEA208D5F7C00DB7E3E = {
						CreatedOnToolsVersion = 9.2;
						ProvisioningStyle = Automatic;
					};
					84BC0DFE208D5F7C00DB7E3E = {
						CreatedOnToolsVersion = 9.2;
						ProvisioningStyle = Automatic;
						TestTargetID = 84BC0DEA208D5F7C00DB7E3E;
					};
				};
			};
			buildConfigurationList = 84BC0DE6208D5F7C00DB7E3E /* Build configuration list for PBXProject "DemoCassiniSetImage" */;
			compatibilityVersion = "Xcode 8.0";
			developmentRegion = en;
			hasScannedForEncodings = 0;
			knownRegions = (
				en,
				Base,
			);
			mainGroup = 84BC0DE2208D5F7C00DB7E3E;
			productRefGroup = 84BC0DEC208D5F7C00DB7E3E /* Products */;
			projectDirPath = "";
			projectRoot = "";
			targets = (
				84BC0DEA208D5F7C00DB7E3E /* DemoCassiniSetImage */,
				84BC0DFE208D5F7C00DB7E3E /* DemoCassiniSetImageTests */,
			);
		};
/* End PBXProject section */

/* Begin PBXResourcesBuildPhase section */
		84BC0DE9208D5F7C00DB7E3E /* Resources */ = {
			isa = PBXResourcesBuildPhase;
			buildActionMask = 2147483647;
			files = (
				84BC0DF9208D5F7C00DB7E3E /* LaunchScreen.storyboard in Resources */,
				84BC0DF6208D5F7C00DB7E3E /* Assets.xcassets in Resources */,
				84BC0DF4208D5F7C00DB7E3E /* Main.storyboard in Resources */,
			);
			runOnlyForDeploymentPostprocessing = 0;
		};
		84BC0DFD208D5F7C00DB7E3E /* Resources */ = {
			isa = PBXResourcesBuildPhase;
			buildActionMask = 2147483647;
			files = (
			);
			runOnlyForDeploymentPostprocessing = 0;
		};
/* End PBXResourcesBuildPhase section */

/* Begin PBXSourcesBuildPhase section */
		84BC0DE7208D5F7C00DB7E3E /* Sources */ = {
			isa = PBXSourcesBuildPhase;
			buildActionMask = 2147483647;
			files = (
				84BC0DF1208D5F7C00DB7E3E /* ViewController.swift in Sources */,
				84BC0DEF208D5F7C00DB7E3E /* AppDelegate.swift in Sources */,
			);
			runOnlyForDeploymentPostprocessing = 0;
		};
		84BC0DFB208D5F7C00DB7E3E /* Sources */ = {
			isa = PBXSourcesBuildPhase;
			buildActionMask = 2147483647;
			files = (
				84BC0E04208D5F7C00DB7E3E /* DemoCassiniSetImageTests.swift in Sources */,
			);
			runOnlyForDeploymentPostprocessing = 0;
		};
/* End PBXSourcesBuildPhase section */

/* Begin PBXTargetDependency section */
		84BC0E01208D5F7C00DB7E3E /* PBXTargetDependency */ = {
			isa = PBXTargetDependency;
			target = 84BC0DEA208D5F7C00DB7E3E /* DemoCassiniSetImage */;
			targetProxy = 84BC0E00208D5F7C00DB7E3E /* PBXContainerItemProxy */;
		};
/* End PBXTargetDependency section */

/* Begin PBXVariantGroup section */
		84BC0DF2208D5F7C00DB7E3E /* Main.storyboard */ = {
			isa = PBXVariantGroup;
			children = (
				84BC0DF3208D5F7C00DB7E3E /* Base */,
			);
			name = Main.storyboard;
			sourceTree = "<group>";
		};
		84BC0DF7208D5F7C00DB7E3E /* LaunchScreen.storyboard */ = {
			isa = PBXVariantGroup;
			children = (
				84BC0DF8208D5F7C00DB7E3E /* Base */,
			);
			name = LaunchScreen.storyboard;
			sourceTree = "<group>";
		};
/* End PBXVariantGroup section */

/* Begin XCBuildConfiguration section */
		84BC0E06208D5F7C00DB7E3E /* Debug */ = {
			isa = XCBuildConfiguration;
			buildSettings = {
				ALWAYS_SEARCH_USER_PATHS = NO;
				CLANG_ANALYZER_NONNULL = YES;
				CLANG_ANALYZER_NUMBER_OBJECT_CONVERSION = YES_AGGRESSIVE;
				CLANG_CXX_LANGUAGE_STANDARD = "gnu++14";
				CLANG_CXX_LIBRARY = "libc++";
				CLANG_ENABLE_MODULES = YES;
				CLANG_ENABLE_OBJC_ARC = YES;
				CLANG_WARN_BLOCK_CAPTURE_AUTORELEASING = YES;
				CLANG_WARN_BOOL_CONVERSION = YES;
				CLANG_WARN_COMMA = YES;
				CLANG_WARN_CONSTANT_CONVERSION = YES;
				CLANG_WARN_DIRECT_OBJC_ISA_USAGE = YES_ERROR;
				CLANG_WARN_DOCUMENTATION_COMMENTS = YES;
				CLANG_WARN_EMPTY_BODY = YES;
				CLANG_WARN_ENUM_CONVERSION = YES;
				CLANG_WARN_INFINITE_RECURSION = YES;
				CLANG_WARN_INT_CONVERSION = YES;
				CLANG_WARN_NON_LITERAL_NULL_CONVERSION = YES;
				CLANG_WARN_OBJC_LITERAL_CONVERSION = YES;
				CLANG_WARN_OBJC_ROOT_CLASS = YES_ERROR;
				CLANG_WARN_RANGE_LOOP_ANALYSIS = YES;
				CLANG_WARN_STRICT_PROTOTYPES = YES;
				CLANG_WARN_SUSPICIOUS_MOVE = YES;
				CLANG_WARN_UNGUARDED_AVAILABILITY = YES_AGGRESSIVE;
				CLANG_WARN_UNREACHABLE_CODE = YES;
				CLANG_WARN__DUPLICATE_METHOD_MATCH = YES;
				CODE_SIGN_IDENTITY = "iPhone Developer";
				COPY_PHASE_STRIP = NO;
				DEBUG_INFORMATION_FORMAT = dwarf;
				ENABLE_STRICT_OBJC_MSGSEND = YES;
				ENABLE_TESTABILITY = YES;
				GCC_C_LANGUAGE_STANDARD = gnu11;
				GCC_DYNAMIC_NO_PIC = NO;
				GCC_NO_COMMON_BLOCKS = YES;
				GCC_OPTIMIZATION_LEVEL = 0;
				GCC_PREPROCESSOR_DEFINITIONS = (
					"DEBUG=1",
					"$(inherited)",
				);
				GCC_WARN_64_TO_32_BIT_CONVERSION = YES;
				GCC_WARN_ABOUT_RETURN_TYPE = YES_ERROR;
				GCC_WARN_UNDECLARED_SELECTOR = YES;
				GCC_WARN_UNINITIALIZED_AUTOS = YES_AGGRESSIVE;
				GCC_WARN_UNUSED_FUNCTION = YES;
				GCC_WARN_UNUSED_VARIABLE = YES;
				IPHONEOS_DEPLOYMENT_TARGET = 11.2;
				MTL_ENABLE_DEBUG_INFO = YES;
				ONLY_ACTIVE_ARCH = YES;
				SDKROOT = iphoneos;
				SWIFT_ACTIVE_COMPILATION_CONDITIONS = DEBUG;
				SWIFT_OPTIMIZATION_LEVEL = "-Onone";
			};
			name = Debug;
		};
		84BC0E07208D5F7C00DB7E3E /* Release */ = {
			isa = XCBuildConfiguration;
			buildSettings = {
				ALWAYS_SEARCH_USER_PATHS = NO;
				CLANG_ANALYZER_NONNULL = YES;
				CLANG_ANALYZER_NUMBER_OBJECT_CONVERSION = YES_AGGRESSIVE;
				CLANG_CXX_LANGUAGE_STANDARD = "gnu++14";
				CLANG_CXX_LIBRARY = "libc++";
				CLANG_ENABLE_MODULES = YES;
				CLANG_ENABLE_OBJC_ARC = YES;
				CLANG_WARN_BLOCK_CAPTURE_AUTORELEASING = YES;
				CLANG_WARN_BOOL_CONVERSION = YES;
				CLANG_WARN_COMMA = YES;
				CLANG_WARN_CONSTANT_CONVERSION = YES;
				CLANG_WARN_DIRECT_OBJC_ISA_USAGE = YES_ERROR;
				CLANG_WARN_DOCUMENTATION_COMMENTS = YES;
				CLANG_WARN_EMPTY_BODY = YES;
				CLANG_WARN_ENUM_CONVERSION = YES;
				CLANG_WARN_INFINITE_RECURSION = YES;
				CLANG_WARN_INT_CONVERSION = YES;
				CLANG_WARN_NON_LITERAL_NULL_CONVERSION = YES;
				CLANG_WARN_OBJC_LITERAL_CONVERSION = YES;
				CLANG_WARN_OBJC_ROOT_CLASS = YES_ERROR;
				CLANG_WARN_RANGE_LOOP_ANALYSIS = YES;
				CLANG_WARN_STRICT_PROTOTYPES = YES;
				CLANG_WARN_SUSPICIOUS_MOVE = YES;
				CLANG_WARN_UNGUARDED_AVAILABILITY = YES_AGGRESSIVE;
				CLANG_WARN_UNREACHABLE_CODE = YES;
				CLANG_WARN__DUPLICATE_METHOD_MATCH = YES;
				CODE_SIGN_IDENTITY = "iPhone Developer";
				COPY_PHASE_STRIP = NO;
				DEBUG_INFORMATION_FORMAT = "dwarf-with-dsym";
				ENABLE_NS_ASSERTIONS = NO;
				ENABLE_STRICT_OBJC_MSGSEND = YES;
				GCC_C_LANGUAGE_STANDARD = gnu11;
				GCC_NO_COMMON_BLOCKS = YES;
				GCC_WARN_64_TO_32_BIT_CONVERSION = YES;
				GCC_WARN_ABOUT_RETURN_TYPE = YES_ERROR;
				GCC_WARN_UNDECLARED_SELECTOR = YES;
				GCC_WARN_UNINITIALIZED_AUTOS = YES_AGGRESSIVE;
				GCC_WARN_UNUSED_FUNCTION = YES;
				GCC_WARN_UNUSED_VARIABLE = YES;
				IPHONEOS_DEPLOYMENT_TARGET = 11.2;
				MTL_ENABLE_DEBUG_INFO = NO;
				SDKROOT = iphoneos;
				SWIFT_OPTIMIZATION_LEVEL = "-Owholemodule";
				VALIDATE_PRODUCT = YES;
			};
			name = Release;
		};
		84BC0E09208D5F7C00DB7E3E /* Debug */ = {
			isa = XCBuildConfiguration;
			buildSettings = {
				ASSETCATALOG_COMPILER_APPICON_NAME = AppIcon;
				CODE_SIGN_STYLE = Automatic;
				INFOPLIST_FILE = DemoCassiniSetImage/Info.plist;
				LD_RUNPATH_SEARCH_PATHS = "$(inherited) @executable_path/Frameworks";
				PRODUCT_BUNDLE_IDENTIFIER = com.example.DemoCassiniSetImage;
				PRODUCT_NAME = "$(TARGET_NAME)";
				SWIFT_VERSION = 4.0;
				TARGETED_DEVICE_FAMILY = "1,2";
			};
			name = Debug;
		};
		84BC0E0A208D5F7C00DB7E3E /* Release */ = {
			isa = XCBuildConfiguration;
			buildSettings = {
				ASSETCATALOG_COMPILER_APPICON_NAME = AppIcon;
				CODE_SIGN_STYLE = Automatic;
				INFOPLIST_FILE = DemoCassiniSetImage/Info.plist;
				LD_RUNPATH_SEARCH_PATHS = "$(inherited) @executable_path/Frameworks";
				PRODUCT_BUNDLE_IDENTIFIER = com.example.DemoCassiniSetImage;
				PRODUCT_NAME = "$(TARGET_NAME)";
				SWIFT_VERSION = 4.0;
				TARGETED_DEVICE_FAMILY = "1,2";
			};
			name = Release;
		};
		84BC0E0C208D5F7C00DB7E3E /* Debug */ = {
			isa = XCBuildConfiguration;
			buildSettings = {
				ALWAYS_EMBED_SWIFT_STANDARD_LIBRARIES = YES;
				BUNDLE_LOADER = "$(TEST_HOST)";
				CODE_SIGN_STYLE = Automatic;
				INFOPLIST_FILE = DemoCassiniSetImageTests/Info.plist;
				LD_RUNPATH_SEARCH_PATHS = "$(inherited) @executable_path/Frameworks @loader_path/Frameworks";
				PRODUCT_BUNDLE_IDENTIFIER = com.example.DemoCassiniSetImageTests;
				PRODUCT_NAME = "$(TARGET_NAME)";
				SWIFT_VERSION = 4.0;
				TARGETED_DEVICE_FAMILY = "1,2";
				TEST_HOST = "$(BUILT_PRODUCTS_DIR)/DemoCassiniSetImage.app/DemoCassiniSetImage";
			};
			name = Debug;
		};
		84BC0E0D208D5F7C00DB7E3E /* Release */ = {
			isa = XCBuildConfiguration;
			buildSettings = {
				ALWAYS_EMBED_SWIFT_STANDARD_LIBRARIES = YES;
				BUNDLE_LOADER = "$(TEST_HOST)";
				CODE_SIGN_STYLE = Automatic;
				INFOPLIST_FILE = DemoCassiniSetImageTests/Info.plist;
				LD_RUNPATH_SEARCH_PATHS = "$(inherited) @executable_path/Frameworks @loader_path/Frameworks";
				PRODUCT_BUNDLE_IDENTIFIER = com.example.DemoCassiniSetImageTests;
				PRODUCT_NAME = "$(TARGET_NAME)";
				SWIFT_VERSION = 4.0;
				TARGETED_DEVICE_FAMILY = "1,2";
				TEST_HOST = "$(BUILT_PRODUCTS_DIR)/DemoCassiniSetImage.app/DemoCassiniSetImage";
			};
			name = Release;
		};
/* End XCBuildConfiguration section */

/* Begin XCConfigurationList section */
		84BC0DE6208D5F7C00DB7E3E /* Build configuration list for PBXProject "DemoCassiniSetImage" */ = {
			isa = XCConfigurationList;
			buildConfigurations = (
				84BC0E06208D5F7C00DB7E3E /* Debug */,
				84BC0E07208D5F7C00DB7E3E /* Release */,
			);
			defaultConfigurationIsVisible = 0;
			defaultConfigurationName = Release;
		};
		84BC0E08208D5F7C00DB7E3E /* Build configuration list for PBXNativeTarget "DemoCassiniSetImage" */ = {
			isa = XCConfigurationList;
			buildConfigurations = (
				84BC0E09208D5F7C00DB7E3E /* Debug */,
				84BC0E0A208D5F7C00DB7E3E /* Release */,
			);
			defaultConfigurationIsVisible = 0;
			defaultConfigurationName = Release;
		};
		84BC0E0B208D5F7C00DB7E3E /* Build configuration list for PBXNativeTarget "DemoCassiniSetImageTests" */ = {
			isa = XCConfigurationList;
			buildConfigurations = (
				84BC0E0C208D5F7C00DB7E3E /* Debug */,
				84BC0E0D208D5F7C00DB7E3E /* Release */,
			);
			defaultConfigurationIsVisible = 0;
			defaultConfigurationName = Release;
		};
/* End XCConfigurationList section */
	};
	rootObject = 84BC0DE3208D5F7C00DB7E3E /* Project object */;
}
